version: 6
environments:
  default:
    channels:
    - url: https://conda.anaconda.org/conda-forge/
    indexes:
    - https://pypi.org/simple
    options:
      pypi-prerelease-mode: if-necessary-or-explicit
    packages:
      win-64:
      - conda: https://conda.anaconda.org/conda-forge/win-64/bzip2-1.0.8-h0ad9c76_9.conda
      - conda: https://conda.anaconda.org/conda-forge/noarch/ca-certificates-2026.2.25-h4c7d964_0.conda
      - conda: https://conda.anaconda.org/conda-forge/win-64/libexpat-2.7.5-hac47afa_0.conda
      - conda: https://conda.anaconda.org/conda-forge/win-64/libffi-3.5.2-h3d046cb_0.conda
      - conda: https://conda.anaconda.org/conda-forge/win-64/liblzma-5.8.3-hfd05255_0.conda
      - conda: https://conda.anaconda.org/conda-forge/win-64/libmpdec-4.0.0-hfd05255_1.conda
      - conda: https://conda.anaconda.org/conda-forge/win-64/libsqlite-3.53.0-hf5d6505_0.conda
      - conda: https://conda.anaconda.org/conda-forge/win-64/libzlib-1.3.2-hfd05255_2.conda
      - conda: https://conda.anaconda.org/conda-forge/win-64/openssl-3.6.2-hf411b9b_0.conda
      - conda: https://conda.anaconda.org/conda-forge/win-64/python-3.14.4-h4b44e0e_100_cp314.conda
      - conda: https://conda.anaconda.org/conda-forge/noarch/python_abi-3.14-8_cp314.conda
      - conda: https://conda.anaconda.org/conda-forge/win-64/tk-8.6.13-h6ed50ae_3.conda
      - conda: https://conda.anaconda.org/conda-forge/noarch/tzdata-2025c-hc9c84f9_1.conda
      - conda: https://conda.anaconda.org/conda-forge/win-64/ucrt-10.0.26100.0-h57928b3_0.conda
      - conda: https://conda.anaconda.org/conda-forge/win-64/vc-14.3-h41ae7f8_34.conda
      - conda: https://conda.anaconda.org/conda-forge/win-64/vc14_runtime-14.44.35208-h818238b_34.conda
      - conda: https://conda.anaconda.org/conda-forge/win-64/vcomp14-14.44.35208-h818238b_34.conda
      - conda: https://conda.anaconda.org/conda-forge/win-64/zstd-1.5.7-h534d264_6.conda
      - pypi: https://files.pythonhosted.org/packages/1e/d3/26bf1008eb3d2daa8ef4cacc7f3bfdc11818d111f7e2d0201bc6e3b49d45/annotated_doc-0.0.4-py3-none-any.whl
      - pypi: https://files.pythonhosted.org/packages/78/b6/6307fbef88d9b5ee7421e68d78a9f162e0da4900bc5f5793f6d3d0e34fb8/annotated_types-0.7.0-py3-none-any.whl
      - pypi: https://files.pythonhosted.org/packages/da/42/e921fccf5015463e32a3cf6ee7f980a6ed0f395ceeaa45060b61d86486c2/anyio-4.13.0-py3-none-any.whl
      - pypi: https://files.pythonhosted.org/packages/9a/3c/c17fb3ca2d9c3acff52e30b309f538586f9f5b9c9cf454f3845fc9af4881/certifi-2026.2.25-py3-none-any.whl
      - pypi: https://files.pythonhosted.org/packages/48/77/72dcb0921b2ce86420b2d79d454c7022bf5be40202a2a07906b9f2a35c97/charset_normalizer-3.4.7-cp314-cp314-win_amd64.whl
      - pypi: https://files.pythonhosted.org/packages/e4/20/71885d8b97d4f3dde17b1fdb92dbd4908b00541c5a3379787137285f602e/click-8.3.2-py3-none-any.whl
      - pypi: https://files.pythonhosted.org/packages/d1/d6/3965ed04c63042e047cb6a3e6ed1a63a35087b6a609aa3a15ed8ac56c221/colorama-0.4.6-py2.py3-none-any.whl
      - pypi: https://files.pythonhosted.org/packages/7d/c2/57f54b03d0f22d4044b8afb9ca0e184f8b1afd57b4f735c2fa70883dc601/contourpy-1.3.3-cp314-cp314-win_amd64.whl
      - pypi: https://files.pythonhosted.org/packages/8d/b7/4758d4f73fb536347cc5e4ad63662f9d60ba9118cb6785e9616b2ce5d7fa/coverage-7.13.5-cp314-cp314-win_amd64.whl
      - pypi: https://files.pythonhosted.org/packages/e7/05/c19819d5e3d95294a6f5947fb9b9629efb316b96de511b418c53d245aae6/cycler-0.12.1-py3-none-any.whl
      - pypi: https://files.pythonhosted.org/packages/84/a4/5caa2de7f917a04ada20018eccf60d6cc6145b0199d55ca3711b0fc08312/fastapi-0.135.3-py3-none-any.whl
      - pypi: https://files.pythonhosted.org/packages/6b/67/74b070029043186b5dd13462c958cb7c7f811be0d2e634309d9a1ffb1505/fonttools-4.62.1-cp314-cp314-win_amd64.whl
      - pypi: https://files.pythonhosted.org/packages/04/4b/29cac41a4d98d144bf5f6d33995617b185d14b22401f75ca86f384e87ff1/h11-0.16.0-py3-none-any.whl
      - pypi: https://files.pythonhosted.org/packages/7e/f5/f66802a942d491edb555dd61e3a9961140fd64c90bce1eafd741609d334d/httpcore-1.0.9-py3-none-any.whl
      - pypi: https://files.pythonhosted.org/packages/2a/39/e50c7c3a983047577ee07d2a9e53faf5a69493943ec3f6a384bdc792deb2/httpx-0.28.1-py3-none-any.whl
      - pypi: https://files.pythonhosted.org/packages/0e/61/66938bbb5fc52dbdf84594873d5b51fb1f7c7794e9c0f5bd885f30bc507b/idna-3.11-py3-none-any.whl
      - pypi: https://files.pythonhosted.org/packages/cb/b1/3846dd7f199d53cb17f49cba7e651e9ce294d8497c8c150530ed11865bb8/iniconfig-2.3.0-py3-none-any.whl
      - pypi: https://files.pythonhosted.org/packages/62/a1/3d680cbfd5f4b8f15abc1d571870c5fc3e594bb582bc3b64ea099db13e56/jinja2-3.1.6-py3-none-any.whl
      - pypi: https://files.pythonhosted.org/packages/a3/36/4e551e8aa55c9188bca9abb5096805edbf7431072b76e2298e34fd3a3008/kiwisolver-1.5.0-cp314-cp314-win_amd64.whl
      - pypi: https://files.pythonhosted.org/packages/24/ed/c22ca4db0ca3cbc285e4d9206108746beda561a9792289c3c31281d7e9df/librt-0.9.0-cp314-cp314-win_amd64.whl
      - pypi: https://files.pythonhosted.org/packages/28/52/182836104b33b444e400b14f797212f720cbc9ed6ba34c800639d154e821/markupsafe-3.0.3-cp314-cp314-win_amd64.whl
      - pypi: https://files.pythonhosted.org/packages/93/a5/de89ac80f10b8dc615807ee1133cd99ac74082581196d4d9590bea10690d/matplotlib-3.10.8-cp314-cp314-win_amd64.whl
      - pypi: https://files.pythonhosted.org/packages/6e/dc/779abb25a8c63e8f44bf5a336217fa92790fa17e0c40e0c725d10cb01bbd/mypy-1.20.1-cp314-cp314-win_amd64.whl
      - pypi: https://files.pythonhosted.org/packages/79/7b/2c79738432f5c924bef5071f933bcc9efd0473bac3b4aa584a6f7c1c8df8/mypy_extensions-1.1.0-py3-none-any.whl
      - pypi: https://files.pythonhosted.org/packages/fa/22/4cc31a62a6c7b74a8730e31a4274c5dc80e005751e277a2ce38e675e4923/numpy-2.4.4-cp314-cp314-win_amd64.whl
      - pypi: https://files.pythonhosted.org/packages/7a/c2/920ef838e2f0028c8262f16101ec09ebd5969864e5a64c4c05fad0617c56/packaging-26.1-py3-none-any.whl
      - pypi: https://files.pythonhosted.org/packages/ef/3c/2c197d226f9ea224a9ab8d197933f9da0ae0aac5b6e0f884e2b8d9c8e9f7/pathspec-1.0.4-py3-none-any.whl
      - pypi: https://files.pythonhosted.org/packages/cd/8b/601e6566b957ca50e28725cb6c355c59c2c8609751efbecd980db44e0349/pillow-12.2.0-cp314-cp314-win_amd64.whl
      - pypi: https://files.pythonhosted.org/packages/54/20/4d324d65cc6d9205fabedc306948156824eb9f0ee1633355a8f7ec5c66bf/pluggy-1.6.0-py3-none-any.whl
      - pypi: https://files.pythonhosted.org/packages/01/d7/c3a52c61f5b7be648e919005820fbac33028c6149994cd64453f49951c17/pydantic-2.13.0-py3-none-any.whl
      - pypi: https://files.pythonhosted.org/packages/e0/69/03a7ea4b6264def3a44eabf577528bcec2f49468c5698b2044dea54dc07e/pydantic_core-2.46.0-cp314-cp314-win_amd64.whl
      - pypi: https://files.pythonhosted.org/packages/17/c1/3226e6d7f5a4f736f38ac11a6fbb262d701889802595cdb0f53a885ac2e0/pydantic_extra_types-2.11.1-py3-none-any.whl
      - pypi: https://files.pythonhosted.org/packages/00/4b/ccc026168948fec4f7555b9164c724cf4125eac006e176541483d2c959be/pydantic_settings-2.13.1-py3-none-any.whl
      - pypi: https://files.pythonhosted.org/packages/10/bd/c038d7cc38edc1aa5bf91ab8068b63d4308c66c4c8bb3cbba7dfbc049f9c/pyparsing-3.3.2-py3-none-any.whl
      - pypi: https://files.pythonhosted.org/packages/51/ff/f6e8b8f39e08547faece4bd80f89d5a8de68a38b2d179cc1c4490ffa3286/pytest-7.4.4-py3-none-any.whl
      - pypi: https://files.pythonhosted.org/packages/a7/4b/8b78d126e275efa2379b1c2e09dc52cf70df16fc3b90613ef82531499d73/pytest_cov-4.1.0-py3-none-any.whl
      - pypi: https://files.pythonhosted.org/packages/ec/57/56b9bcc3c9c6a792fcbaf139543cee77261f3651ca9da0c93f5c1221264b/python_dateutil-2.9.0.post0-py2.py3-none-any.whl
      - pypi: https://files.pythonhosted.org/packages/0b/d7/1959b9648791274998a9c3526f6d0ec8fd2233e4d4acce81bbae76b44b2a/python_dotenv-1.2.2-py3-none-any.whl
      - pypi: https://files.pythonhosted.org/packages/d7/8e/7540e8a2036f79a125c1d2ebadf69ed7901608859186c856fa0388ef4197/requests-2.33.1-py3-none-any.whl
      - pypi: https://files.pythonhosted.org/packages/74/d4/135684f342e909330e50d31d441ace06bf83c7dc0777e11043f99167b123/shapely-2.1.2-cp314-cp314-win_amd64.whl
      - pypi: https://files.pythonhosted.org/packages/b7/ce/149a00dd41f10bc29e5921b496af8b574d8413afcd5e30dfa0ed46c2cc5e/six-1.17.0-py2.py3-none-any.whl
      - pypi: https://files.pythonhosted.org/packages/0b/c9/584bc9651441b4ba60cc4d557d8a547b5aff901af35bda3a4ee30c819b82/starlette-1.0.0-py3-none-any.whl
      - pypi: https://files.pythonhosted.org/packages/b9/6e/f0ccc2a1435fda6431b2a9518bd08961d1019d2f725ef186564f7612aff8/teamcity_messages-1.33-py3-none-any.whl
      - pypi: https://files.pythonhosted.org/packages/18/67/36e9267722cc04a6b9f15c7f3441c2363321a3ea07da7ae0c0707beb2a9c/typing_extensions-4.15.0-py3-none-any.whl
      - pypi: https://files.pythonhosted.org/packages/dc/9b/47798a6c91d8bdb567fe2698fe81e0c6b7cb7ef4d13da4114b41d239f65d/typing_inspection-0.4.2-py3-none-any.whl
      - pypi: https://files.pythonhosted.org/packages/39/08/aaaad47bc4e9dc8c725e68f9d04865dbcb2052843ff09c97b08904852d84/urllib3-2.6.3-py3-none-any.whl
      - pypi: https://files.pythonhosted.org/packages/b7/23/a5bbd9600dd607411fa644c06ff4951bec3a4d82c4b852374024359c19c0/uvicorn-0.44.0-py3-none-any.whl
      - pypi: https://files.pythonhosted.org/packages/08/8a/0861bec20485572fbddf3dfba2910e38fe249796cb73ecdeb74e07eeb8d3/zipp-3.23.1-py3-none-any.whl
      - pypi: ./
packages:
- pypi: https://files.pythonhosted.org/packages/1e/d3/26bf1008eb3d2daa8ef4cacc7f3bfdc11818d111f7e2d0201bc6e3b49d45/annotated_doc-0.0.4-py3-none-any.whl
  name: annotated-doc
  version: 0.0.4
  sha256: 571ac1dc6991c450b25a9c2d84a3705e2ae7a53467b5d111c24fa8baabbed320
  requires_python: '>=3.8'
- pypi: https://files.pythonhosted.org/packages/78/b6/6307fbef88d9b5ee7421e68d78a9f162e0da4900bc5f5793f6d3d0e34fb8/annotated_types-0.7.0-py3-none-any.whl
  name: annotated-types
  version: 0.7.0
  sha256: 1f02e8b43a8fbbc3f3e0d4f0f4bfc8131bcb4eebe8849b8e5c773f3a1c582a53
  requires_dist:
  - typing-extensions>=4.0.0 ; python_full_version < '3.9'
  requires_python: '>=3.8'
- pypi: https://files.pythonhosted.org/packages/da/42/e921fccf5015463e32a3cf6ee7f980a6ed0f395ceeaa45060b61d86486c2/anyio-4.13.0-py3-none-any.whl
  name: anyio
  version: 4.13.0
  sha256: 08b310f9e24a9594186fd75b4f73f4a4152069e3853f1ed8bfbf58369f4ad708
  requires_dist:
  - exceptiongroup>=1.0.2 ; python_full_version < '3.11'
  - idna>=2.8
  - typing-extensions>=4.5 ; python_full_version < '3.13'
  - trio>=0.32.0 ; extra == 'trio'
  requires_python: '>=3.10'
- conda: https://conda.anaconda.org/conda-forge/win-64/bzip2-1.0.8-h0ad9c76_9.conda
  sha256: 76dfb71df5e8d1c4eded2dbb5ba15bb8fb2e2b0fe42d94145d5eed4c75c35902
  md5: 4cb8e6b48f67de0b018719cdf1136306
  depends:
  - ucrt >=10.0.20348.0
  - vc >=14.3,<15
  - vc14_runtime >=14.44.35208
  license: bzip2-1.0.6
  license_family: BSD
  purls: []
  size: 56115
  timestamp: 1771350256444
- conda: https://conda.anaconda.org/conda-forge/noarch/ca-certificates-2026.2.25-h4c7d964_0.conda
  sha256: 37950019c59b99585cee5d30dbc2cc9696ed4e11f5742606a4db1621ed8f94d6
  md5: f001e6e220355b7f87403a4d0e5bf1ca
  depends:
  - __win
  license: ISC
  purls: []
  size: 147734
  timestamp: 1772006322223
- pypi: https://files.pythonhosted.org/packages/9a/3c/c17fb3ca2d9c3acff52e30b309f538586f9f5b9c9cf454f3845fc9af4881/certifi-2026.2.25-py3-none-any.whl
  name: certifi
  version: 2026.2.25
  sha256: 027692e4402ad994f1c42e52a4997a9763c646b73e4096e4d5d6db8af1d6f0fa
  requires_python: '>=3.7'
- pypi: https://files.pythonhosted.org/packages/48/77/72dcb0921b2ce86420b2d79d454c7022bf5be40202a2a07906b9f2a35c97/charset_normalizer-3.4.7-cp314-cp314-win_amd64.whl
  name: charset-normalizer
  version: 3.4.7
  sha256: 92a0a01ead5e668468e952e4238cccd7c537364eb7d851ab144ab6627dbbe12f
  requires_python: '>=3.7'
- pypi: https://files.pythonhosted.org/packages/e4/20/71885d8b97d4f3dde17b1fdb92dbd4908b00541c5a3379787137285f602e/click-8.3.2-py3-none-any.whl
  name: click
  version: 8.3.2
  sha256: 1924d2c27c5653561cd2cae4548d1406039cb79b858b747cfea24924bbc1616d
  requires_dist:
  - colorama ; sys_platform == 'win32'
  requires_python: '>=3.10'
- pypi: https://files.pythonhosted.org/packages/d1/d6/3965ed04c63042e047cb6a3e6ed1a63a35087b6a609aa3a15ed8ac56c221/colorama-0.4.6-py2.py3-none-any.whl
  name: colorama
  version: 0.4.6
  sha256: 4f1d9991f5acc0ca119f9d443620b77f9d6b33703e51011c16baf57afb285fc6
  requires_python: '>=2.7,!=3.0.*,!=3.1.*,!=3.2.*,!=3.3.*,!=3.4.*,!=3.5.*,!=3.6.*'
- pypi: https://files.pythonhosted.org/packages/7d/c2/57f54b03d0f22d4044b8afb9ca0e184f8b1afd57b4f735c2fa70883dc601/contourpy-1.3.3-cp314-cp314-win_amd64.whl
  name: contourpy
  version: 1.3.3
  sha256: cf9022ef053f2694e31d630feaacb21ea24224be1c3ad0520b13d844274614fd
  requires_dist:
  - numpy>=1.25
  - furo ; extra == 'docs'
  - sphinx>=7.2 ; extra == 'docs'
  - sphinx-copybutton ; extra == 'docs'
  - bokeh ; extra == 'bokeh'
  - selenium ; extra == 'bokeh'
  - contourpy[bokeh,docs] ; extra == 'mypy'
  - bokeh ; extra == 'mypy'
  - docutils-stubs ; extra == 'mypy'
  - mypy==1.17.0 ; extra == 'mypy'
  - types-pillow ; extra == 'mypy'
  - contourpy[test-no-images] ; extra == 'test'
  - matplotlib ; extra == 'test'
  - pillow ; extra == 'test'
  - pytest ; extra == 'test-no-images'
  - pytest-cov ; extra == 'test-no-images'
  - pytest-rerunfailures ; extra == 'test-no-images'
  - pytest-xdist ; extra == 'test-no-images'
  - wurlitzer ; extra == 'test-no-images'
  requires_python: '>=3.11'
- pypi: https://files.pythonhosted.org/packages/8d/b7/4758d4f73fb536347cc5e4ad63662f9d60ba9118cb6785e9616b2ce5d7fa/coverage-7.13.5-cp314-cp314-win_amd64.whl
  name: coverage
  version: 7.13.5
  sha256: 2aa055ae1857258f9e0045be26a6d62bdb47a72448b62d7b55f4820f361a2633
  requires_dist:
  - tomli ; python_full_version <= '3.11' and extra == 'toml'
  requires_python: '>=3.10'
- pypi: https://files.pythonhosted.org/packages/e7/05/c19819d5e3d95294a6f5947fb9b9629efb316b96de511b418c53d245aae6/cycler-0.12.1-py3-none-any.whl
  name: cycler
  version: 0.12.1
  sha256: 85cef7cff222d8644161529808465972e51340599459b8ac3ccbac5a854e0d30
  requires_dist:
  - ipython ; extra == 'docs'
  - matplotlib ; extra == 'docs'
  - numpydoc ; extra == 'docs'
  - sphinx ; extra == 'docs'
  - pytest ; extra == 'tests'
  - pytest-cov ; extra == 'tests'
  - pytest-xdist ; extra == 'tests'
  requires_python: '>=3.8'
- pypi: ./
  name: d-geolib
  version: 2.8.0
  sha256: eaf2355fdbd71fda148a9d63e7da17c67f7b4fcb1515d824eed154631a75f3d8
  requires_dist:
  - fastapi>=0.95.1 ; extra == 'server'
  - httpx>=0.24.0,<0.25.0 ; extra == 'server'
  - jinja2>=3.1.2,<4.0.0
  - matplotlib>=3.9.0,<4.0.0
  - pydantic>=2.0.0,<3.0.0
  - pydantic-extra-types>=2.5.0,<3.0.0
  - pydantic-settings>=2.1.0,<3.0.0
  - python-dotenv>=1.0.0,<2.0.0
  - python-multipart>=0.0.9,<0.0.23 ; extra == 'server'
  - requests>=2.29.0,<3.0.0
  - shapely>=2.0.1,<3.0.0
  - uvicorn>=0.21.1,<0.22.0 ; extra == 'server'
  - zipp>=3.15.0,<4.0.0
  requires_python: '>=3.10,<4.0'
- pypi: https://files.pythonhosted.org/packages/84/a4/5caa2de7f917a04ada20018eccf60d6cc6145b0199d55ca3711b0fc08312/fastapi-0.135.3-py3-none-any.whl
  name: fastapi
  version: 0.135.3
  sha256: 9b0f590c813acd13d0ab43dd8494138eb58e484bfac405db1f3187cfc5810d98
  requires_dist:
  - starlette>=0.46.0
  - pydantic>=2.9.0
  - typing-extensions>=4.8.0
  - typing-inspection>=0.4.2
  - annotated-doc>=0.0.2
  - fastapi-cli[standard]>=0.0.8 ; extra == 'standard'
  - httpx>=0.23.0,<1.0.0 ; extra == 'standard'
  - jinja2>=3.1.5 ; extra == 'standard'
  - python-multipart>=0.0.18 ; extra == 'standard'
  - email-validator>=2.0.0 ; extra == 'standard'
  - uvicorn[standard]>=0.12.0 ; extra == 'standard'
  - pydantic-settings>=2.0.0 ; extra == 'standard'
  - pydantic-extra-types>=2.0.0 ; extra == 'standard'
  - fastapi-cli[standard-no-fastapi-cloud-cli]>=0.0.8 ; extra == 'standard-no-fastapi-cloud-cli'
  - httpx>=0.23.0,<1.0.0 ; extra == 'standard-no-fastapi-cloud-cli'
  - jinja2>=3.1.5 ; extra == 'standard-no-fastapi-cloud-cli'
  - python-multipart>=0.0.18 ; extra == 'standard-no-fastapi-cloud-cli'
  - email-validator>=2.0.0 ; extra == 'standard-no-fastapi-cloud-cli'
  - uvicorn[standard]>=0.12.0 ; extra == 'standard-no-fastapi-cloud-cli'
  - pydantic-settings>=2.0.0 ; extra == 'standard-no-fastapi-cloud-cli'
  - pydantic-extra-types>=2.0.0 ; extra == 'standard-no-fastapi-cloud-cli'
  - fastapi-cli[standard]>=0.0.8 ; extra == 'all'
  - httpx>=0.23.0,<1.0.0 ; extra == 'all'
  - jinja2>=3.1.5 ; extra == 'all'
  - python-multipart>=0.0.18 ; extra == 'all'
  - itsdangerous>=1.1.0 ; extra == 'all'
  - pyyaml>=5.3.1 ; extra == 'all'
  - email-validator>=2.0.0 ; extra == 'all'
  - uvicorn[standard]>=0.12.0 ; extra == 'all'
  - pydantic-settings>=2.0.0 ; extra == 'all'
  - pydantic-extra-types>=2.0.0 ; extra == 'all'
  requires_python: '>=3.10'
- pypi: https://files.pythonhosted.org/packages/6b/67/74b070029043186b5dd13462c958cb7c7f811be0d2e634309d9a1ffb1505/fonttools-4.62.1-cp314-cp314-win_amd64.whl
  name: fonttools
  version: 4.62.1
  sha256: 1eecc128c86c552fb963fe846ca4e011b1be053728f798185a1687502f6d398e
  requires_dist:
  - lxml>=4.0 ; extra == 'lxml'
  - brotli>=1.0.1 ; platform_python_implementation == 'CPython' and extra == 'woff'
  - brotlicffi>=0.8.0 ; platform_python_implementation != 'CPython' and extra == 'woff'
  - zopfli>=0.1.4 ; extra == 'woff'
  - unicodedata2>=17.0.0 ; python_full_version < '3.15' and extra == 'unicode'
  - lz4>=1.7.4.2 ; extra == 'graphite'
  - scipy ; platform_python_implementation != 'PyPy' and extra == 'interpolatable'
  - munkres ; platform_python_implementation == 'PyPy' and extra == 'interpolatable'
  - pycairo ; extra == 'interpolatable'
  - matplotlib ; extra == 'plot'
  - sympy ; extra == 'symfont'
  - xattr ; sys_platform == 'darwin' and extra == 'type1'
  - skia-pathops>=0.5.0 ; extra == 'pathops'
  - uharfbuzz>=0.45.0 ; extra == 'repacker'
  - lxml>=4.0 ; extra == 'all'
  - brotli>=1.0.1 ; platform_python_implementation == 'CPython' and extra == 'all'
  - brotlicffi>=0.8.0 ; platform_python_implementation != 'CPython' and extra == 'all'
  - zopfli>=0.1.4 ; extra == 'all'
  - unicodedata2>=17.0.0 ; python_full_version < '3.15' and extra == 'all'
  - lz4>=1.7.4.2 ; extra == 'all'
  - scipy ; platform_python_implementation != 'PyPy' and extra == 'all'
  - munkres ; platform_python_implementation == 'PyPy' and extra == 'all'
  - pycairo ; extra == 'all'
  - matplotlib ; extra == 'all'
  - sympy ; extra == 'all'
  - xattr ; sys_platform == 'darwin' and extra == 'all'
  - skia-pathops>=0.5.0 ; extra == 'all'
  - uharfbuzz>=0.45.0 ; extra == 'all'
  requires_python: '>=3.10'
- pypi: https://files.pythonhosted.org/packages/04/4b/29cac41a4d98d144bf5f6d33995617b185d14b22401f75ca86f384e87ff1/h11-0.16.0-py3-none-any.whl
  name: h11
  version: 0.16.0
  sha256: 63cf8bbe7522de3bf65932fda1d9c2772064ffb3dae62d55932da54b31cb6c86
  requires_python: '>=3.8'
- pypi: https://files.pythonhosted.org/packages/7e/f5/f66802a942d491edb555dd61e3a9961140fd64c90bce1eafd741609d334d/httpcore-1.0.9-py3-none-any.whl
  name: httpcore
  version: 1.0.9
  sha256: 2d400746a40668fc9dec9810239072b40b4484b640a8c38fd654a024c7a1bf55
  requires_dist:
  - certifi
  - h11>=0.16
  - anyio>=4.0,<5.0 ; extra == 'asyncio'
  - h2>=3,<5 ; extra == 'http2'
  - socksio==1.* ; extra == 'socks'
  - trio>=0.22.0,<1.0 ; extra == 'trio'
  requires_python: '>=3.8'
- pypi: https://files.pythonhosted.org/packages/2a/39/e50c7c3a983047577ee07d2a9e53faf5a69493943ec3f6a384bdc792deb2/httpx-0.28.1-py3-none-any.whl
  name: httpx
  version: 0.28.1
  sha256: d909fcccc110f8c7faf814ca82a9a4d816bc5a6dbfea25d6591d6985b8ba59ad
  requires_dist:
  - anyio
  - certifi
  - httpcore==1.*
  - idna
  - brotli ; platform_python_implementation == 'CPython' and extra == 'brotli'
  - brotlicffi ; platform_python_implementation != 'CPython' and extra == 'brotli'
  - click==8.* ; extra == 'cli'
  - pygments==2.* ; extra == 'cli'
  - rich>=10,<14 ; extra == 'cli'
  - h2>=3,<5 ; extra == 'http2'
  - socksio==1.* ; extra == 'socks'
  - zstandard>=0.18.0 ; extra == 'zstd'
  requires_python: '>=3.8'
- pypi: https://files.pythonhosted.org/packages/0e/61/66938bbb5fc52dbdf84594873d5b51fb1f7c7794e9c0f5bd885f30bc507b/idna-3.11-py3-none-any.whl
  name: idna
  version: '3.11'
  sha256: 771a87f49d9defaf64091e6e6fe9c18d4833f140bd19464795bc32d966ca37ea
  requires_dist:
  - ruff>=0.6.2 ; extra == 'all'
  - mypy>=1.11.2 ; extra == 'all'
  - pytest>=8.3.2 ; extra == 'all'
  - flake8>=7.1.1 ; extra == 'all'
  requires_python: '>=3.8'
- pypi: https://files.pythonhosted.org/packages/cb/b1/3846dd7f199d53cb17f49cba7e651e9ce294d8497c8c150530ed11865bb8/iniconfig-2.3.0-py3-none-any.whl
  name: iniconfig
  version: 2.3.0
  sha256: f631c04d2c48c52b84d0d0549c99ff3859c98df65b3101406327ecc7d53fbf12
  requires_python: '>=3.10'
- pypi: https://files.pythonhosted.org/packages/62/a1/3d680cbfd5f4b8f15abc1d571870c5fc3e594bb582bc3b64ea099db13e56/jinja2-3.1.6-py3-none-any.whl
  name: jinja2
  version: 3.1.6
  sha256: 85ece4451f492d0c13c5dd7c13a64681a86afae63a5f347908daf103ce6d2f67
  requires_dist:
  - markupsafe>=2.0
  - babel>=2.7 ; extra == 'i18n'
  requires_python: '>=3.7'
- pypi: https://files.pythonhosted.org/packages/a3/36/4e551e8aa55c9188bca9abb5096805edbf7431072b76e2298e34fd3a3008/kiwisolver-1.5.0-cp314-cp314-win_amd64.whl
  name: kiwisolver
  version: 1.5.0
  sha256: d76e2d8c75051d58177e762164d2e9ab92886534e3a12e795f103524f221dd8e
  requires_python: '>=3.10'
- conda: https://conda.anaconda.org/conda-forge/win-64/libexpat-2.7.5-hac47afa_0.conda
  sha256: 6850c3a4d5dc215b86f58518cfb8752998533d6569b08da8df1da72e7c68e571
  md5: bfb43f52f13b7c56e7677aa7a8efdf0c
  depends:
  - ucrt >=10.0.20348.0
  - vc >=14.3,<15
  - vc14_runtime >=14.44.35208
  constrains:
  - expat 2.7.5.*
  license: MIT
  license_family: MIT
  purls: []
  size: 70609
  timestamp: 1774719377850
- conda: https://conda.anaconda.org/conda-forge/win-64/libffi-3.5.2-h3d046cb_0.conda
  sha256: 59d01f2dfa8b77491b5888a5ab88ff4e1574c9359f7e229da254cdfe27ddc190
  md5: 720b39f5ec0610457b725eb3f396219a
  depends:
  - ucrt >=10.0.20348.0
  - vc >=14.3,<15
  - vc14_runtime >=14.44.35208
  license: MIT
  license_family: MIT
  purls: []
  size: 45831
  timestamp: 1769456418774
- conda: https://conda.anaconda.org/conda-forge/win-64/liblzma-5.8.3-hfd05255_0.conda
  sha256: d636d1a25234063642f9c531a7bb58d84c1c496411280a36ea000bd122f078f1
  md5: 8f83619ab1588b98dd99c90b0bfc5c6d
  depends:
  - ucrt >=10.0.20348.0
  - vc >=14.3,<15
  - vc14_runtime >=14.44.35208
  constrains:
  - xz 5.8.3.*
  license: 0BSD
  purls: []
  size: 106486
  timestamp: 1775825663227
- conda: https://conda.anaconda.org/conda-forge/win-64/libmpdec-4.0.0-hfd05255_1.conda
  sha256: 40dcd0b9522a6e0af72a9db0ced619176e7cfdb114855c7a64f278e73f8a7514
  md5: e4a9fc2bba3b022dad998c78856afe47
  depends:
  - ucrt >=10.0.20348.0
  - vc >=14.3,<15
  - vc14_runtime >=14.44.35208
  license: BSD-2-Clause
  license_family: BSD
  purls: []
  size: 89411
  timestamp: 1769482314283
- pypi: https://files.pythonhosted.org/packages/24/ed/c22ca4db0ca3cbc285e4d9206108746beda561a9792289c3c31281d7e9df/librt-0.9.0-cp314-cp314-win_amd64.whl
  name: librt
  version: 0.9.0
  sha256: b8bd70d5d816566a580d193326912f4a76ec2d28a97dc4cd4cc831c0af8e330e
  requires_python: '>=3.9'
- conda: https://conda.anaconda.org/conda-forge/win-64/libsqlite-3.53.0-hf5d6505_0.conda
  sha256: 7a6256ea136936df4c4f3b227ba1e273b7d61152f9811b52157af497f07640b0
  md5: 4152b5a8d2513fd7ae9fb9f221a5595d
  depends:
  - ucrt >=10.0.20348.0
  - vc >=14.3,<15
  - vc14_runtime >=14.44.35208
  license: blessing
  purls: []
  size: 1301855
  timestamp: 1775753831574
- conda: https://conda.anaconda.org/conda-forge/win-64/libzlib-1.3.2-hfd05255_2.conda
  sha256: 88609816e0cc7452bac637aaf65783e5edf4fee8a9f8e22bdc3a75882c536061
  md5: dbabbd6234dea34040e631f87676292f
  depends:
  - ucrt >=10.0.20348.0
  - vc >=14.3,<15
  - vc14_runtime >=14.44.35208
  constrains:
  - zlib 1.3.2 *_2
  license: Zlib
  license_family: Other
  purls: []
  size: 58347
  timestamp: 1774072851498
- pypi: https://files.pythonhosted.org/packages/28/52/182836104b33b444e400b14f797212f720cbc9ed6ba34c800639d154e821/markupsafe-3.0.3-cp314-cp314-win_amd64.whl
  name: markupsafe
  version: 3.0.3
  sha256: bdc919ead48f234740ad807933cdf545180bfbe9342c2bb451556db2ed958581
  requires_python: '>=3.9'
- pypi: https://files.pythonhosted.org/packages/93/a5/de89ac80f10b8dc615807ee1133cd99ac74082581196d4d9590bea10690d/matplotlib-3.10.8-cp314-cp314-win_amd64.whl
  name: matplotlib
  version: 3.10.8
  sha256: 83d282364ea9f3e52363da262ce32a09dfe241e4080dcedda3c0db059d3c1f11
  requires_dist:
  - contourpy>=1.0.1
  - cycler>=0.10
  - fonttools>=4.22.0
  - kiwisolver>=1.3.1
  - numpy>=1.23
  - packaging>=20.0
  - pillow>=8
  - pyparsing>=3
  - python-dateutil>=2.7
  - meson-python>=0.13.1,<0.17.0 ; extra == 'dev'
  - pybind11>=2.13.2,!=2.13.3 ; extra == 'dev'
  - setuptools-scm>=7 ; extra == 'dev'
  - setuptools>=64 ; extra == 'dev'
  requires_python: '>=3.10'
- pypi: https://files.pythonhosted.org/packages/6e/dc/779abb25a8c63e8f44bf5a336217fa92790fa17e0c40e0c725d10cb01bbd/mypy-1.20.1-cp314-cp314-win_amd64.whl
  name: mypy
  version: 1.20.1
  sha256: 0131edd7eba289973d1ba1003d1a37c426b85cdef76650cd02da6420898a5eb3
  requires_dist:
  - typing-extensions>=4.6.0
  - mypy-extensions>=1.0.0
  - pathspec>=1.0.0
  - tomli>=1.1.0 ; python_full_version < '3.11'
  - librt>=0.8.0 ; platform_python_implementation != 'PyPy'
  - psutil>=4.0 ; extra == 'dmypy'
  - setuptools>=50 ; extra == 'mypyc'
  - lxml ; extra == 'reports'
  - pip ; extra == 'install-types'
  - orjson ; extra == 'faster-cache'
  - ast-serialize>=0.1.1,<1.0.0 ; extra == 'native-parser'
  requires_python: '>=3.10'
- pypi: https://files.pythonhosted.org/packages/79/7b/2c79738432f5c924bef5071f933bcc9efd0473bac3b4aa584a6f7c1c8df8/mypy_extensions-1.1.0-py3-none-any.whl
  name: mypy-extensions
  version: 1.1.0
  sha256: 1be4cccdb0f2482337c4743e60421de3a356cd97508abadd57d47403e94f5505
  requires_python: '>=3.8'
- pypi: https://files.pythonhosted.org/packages/fa/22/4cc31a62a6c7b74a8730e31a4274c5dc80e005751e277a2ce38e675e4923/numpy-2.4.4-cp314-cp314-win_amd64.whl
  name: numpy
  version: 2.4.4
  sha256: 715d1c092715954784bc79e1174fc2a90093dc4dc84ea15eb14dad8abdcdeb74
  requires_python: '>=3.11'
- conda: https://conda.anaconda.org/conda-forge/win-64/openssl-3.6.2-hf411b9b_0.conda
  sha256: feb5815125c60f2be4a411e532db1ed1cd2d7261a6a43c54cb6ae90724e2e154
  md5: 05c7d624cff49dbd8db1ad5ba537a8a3
  depends:
  - ca-certificates
  - ucrt >=10.0.20348.0
  - vc >=14.3,<15
  - vc14_runtime >=14.44.35208
  license: Apache-2.0
  license_family: Apache
  purls: []
  size: 9410183
  timestamp: 1775589779763
- pypi: https://files.pythonhosted.org/packages/7a/c2/920ef838e2f0028c8262f16101ec09ebd5969864e5a64c4c05fad0617c56/packaging-26.1-py3-none-any.whl
  name: packaging
  version: '26.1'
  sha256: 5d9c0669c6285e491e0ced2eee587eaf67b670d94a19e94e3984a481aba6802f
  requires_python: '>=3.8'
- pypi: https://files.pythonhosted.org/packages/ef/3c/2c197d226f9ea224a9ab8d197933f9da0ae0aac5b6e0f884e2b8d9c8e9f7/pathspec-1.0.4-py3-none-any.whl
  name: pathspec
  version: 1.0.4
  sha256: fb6ae2fd4e7c921a165808a552060e722767cfa526f99ca5156ed2ce45a5c723
  requires_dist:
  - hyperscan>=0.7 ; extra == 'hyperscan'
  - typing-extensions>=4 ; extra == 'optional'
  - google-re2>=1.1 ; extra == 're2'
  - pytest>=9 ; extra == 'tests'
  - typing-extensions>=4.15 ; extra == 'tests'
  requires_python: '>=3.9'
- pypi: https://files.pythonhosted.org/packages/cd/8b/601e6566b957ca50e28725cb6c355c59c2c8609751efbecd980db44e0349/pillow-12.2.0-cp314-cp314-win_amd64.whl
  name: pillow
  version: 12.2.0
  sha256: 4e6c62e9d237e9b65fac06857d511e90d8461a32adcc1b9065ea0c0fa3a28150
  requires_dist:
  - furo ; extra == 'docs'
  - olefile ; extra == 'docs'
  - sphinx>=8.2 ; extra == 'docs'
  - sphinx-autobuild ; extra == 'docs'
  - sphinx-copybutton ; extra == 'docs'
  - sphinx-inline-tabs ; extra == 'docs'
  - sphinxext-opengraph ; extra == 'docs'
  - olefile ; extra == 'fpx'
  - olefile ; extra == 'mic'
  - arro3-compute ; extra == 'test-arrow'
  - arro3-core ; extra == 'test-arrow'
  - nanoarrow ; extra == 'test-arrow'
  - pyarrow ; extra == 'test-arrow'
  - check-manifest ; extra == 'tests'
  - coverage>=7.4.2 ; extra == 'tests'
  - defusedxml ; extra == 'tests'
  - markdown2 ; extra == 'tests'
  - olefile ; extra == 'tests'
  - packaging ; extra == 'tests'
  - pyroma>=5 ; extra == 'tests'
  - pytest ; extra == 'tests'
  - pytest-cov ; extra == 'tests'
  - pytest-timeout ; extra == 'tests'
  - pytest-xdist ; extra == 'tests'
  - trove-classifiers>=2024.10.12 ; extra == 'tests'
  - defusedxml ; extra == 'xmp'
  requires_python: '>=3.10'
- pypi: https://files.pythonhosted.org/packages/54/20/4d324d65cc6d9205fabedc306948156824eb9f0ee1633355a8f7ec5c66bf/pluggy-1.6.0-py3-none-any.whl
  name: pluggy
  version: 1.6.0
  sha256: e920276dd6813095e9377c0bc5566d94c932c33b27a3e3945d8389c374dd4746
  requires_dist:
  - pre-commit ; extra == 'dev'
  - tox ; extra == 'dev'
  - pytest ; extra == 'testing'
  - pytest-benchmark ; extra == 'testing'
  - coverage ; extra == 'testing'
  requires_python: '>=3.9'
- pypi: https://files.pythonhosted.org/packages/01/d7/c3a52c61f5b7be648e919005820fbac33028c6149994cd64453f49951c17/pydantic-2.13.0-py3-none-any.whl
  name: pydantic
  version: 2.13.0
  sha256: ab0078b90da5f3e2fd2e71e3d9b457ddcb35d0350854fbda93b451e28d56baaf
  requires_dist:
  - annotated-types>=0.6.0
  - pydantic-core==2.46.0
  - typing-extensions>=4.14.1
  - typing-inspection>=0.4.2
  - email-validator>=2.0.0 ; extra == 'email'
  - tzdata ; python_full_version >= '3.9' and sys_platform == 'win32' and extra == 'timezone'
  requires_python: '>=3.9'
- pypi: https://files.pythonhosted.org/packages/e0/69/03a7ea4b6264def3a44eabf577528bcec2f49468c5698b2044dea54dc07e/pydantic_core-2.46.0-cp314-cp314-win_amd64.whl
  name: pydantic-core
  version: 2.46.0
  sha256: f07a5af60c5e7cf53dd1ff734228bd72d0dc9938e64a75b5bb308ca350d9681e
  requires_dist:
  - typing-extensions>=4.14.1
  requires_python: '>=3.9'
- pypi: https://files.pythonhosted.org/packages/17/c1/3226e6d7f5a4f736f38ac11a6fbb262d701889802595cdb0f53a885ac2e0/pydantic_extra_types-2.11.1-py3-none-any.whl
  name: pydantic-extra-types
  version: 2.11.1
  sha256: 1722ea2bddae5628ace25f2aa685b69978ef533123e5638cfbddb999e0100ec1
  requires_dist:
  - pydantic>=2.5.2
  - typing-extensions
  - cron-converter>=1.2.2 ; extra == 'all'
  - pendulum>=3.0.0,<4.0.0 ; extra == 'all'
  - phonenumbers>=8,<10 ; extra == 'all'
  - pycountry>=23 ; extra == 'all'
  - pymongo>=4.0.0,<5.0.0 ; extra == 'all'
  - python-ulid>=1,<2 ; python_full_version < '3.9' and extra == 'all'
  - python-ulid>=1,<4 ; python_full_version >= '3.9' and extra == 'all'
  - pytz>=2024.1 ; extra == 'all'
  - semver>=3.0.2 ; extra == 'all'
  - semver~=3.0.2 ; extra == 'all'
  - tzdata>=2024.1 ; extra == 'all'
  - uuid-utils>=0.6.0 ; python_full_version < '3.14' and extra == 'all'
  - cron-converter>=1.2.2 ; extra == 'cron'
  - pendulum>=3.0.0,<4.0.0 ; extra == 'pendulum'
  - phonenumbers>=8,<10 ; extra == 'phonenumbers'
  - pycountry>=23 ; extra == 'pycountry'
  - python-ulid>=1,<2 ; python_full_version < '3.9' and extra == 'python-ulid'
  - python-ulid>=1,<4 ; python_full_version >= '3.9' and extra == 'python-ulid'
  - semver>=3.0.2 ; extra == 'semver'
  - uuid-utils>=0.6.0 ; python_full_version < '3.14' and extra == 'uuid-utils'
  requires_python: '>=3.9'
- pypi: https://files.pythonhosted.org/packages/00/4b/ccc026168948fec4f7555b9164c724cf4125eac006e176541483d2c959be/pydantic_settings-2.13.1-py3-none-any.whl
  name: pydantic-settings
  version: 2.13.1
  sha256: d56fd801823dbeae7f0975e1f8c8e25c258eb75d278ea7abb5d9cebb01b56237
  requires_dist:
  - pydantic>=2.7.0
  - python-dotenv>=0.21.0
  - typing-inspection>=0.4.0
  - boto3-stubs[secretsmanager] ; extra == 'aws-secrets-manager'
  - boto3>=1.35.0 ; extra == 'aws-secrets-manager'
  - azure-identity>=1.16.0 ; extra == 'azure-key-vault'
  - azure-keyvault-secrets>=4.8.0 ; extra == 'azure-key-vault'
  - google-cloud-secret-manager>=2.23.1 ; extra == 'gcp-secret-manager'
  - tomli>=2.0.1 ; extra == 'toml'
  - pyyaml>=6.0.1 ; extra == 'yaml'
  requires_python: '>=3.10'
- pypi: https://files.pythonhosted.org/packages/10/bd/c038d7cc38edc1aa5bf91ab8068b63d4308c66c4c8bb3cbba7dfbc049f9c/pyparsing-3.3.2-py3-none-any.whl
  name: pyparsing
  version: 3.3.2
  sha256: 850ba148bd908d7e2411587e247a1e4f0327839c40e2e5e6d05a007ecc69911d
  requires_dist:
  - railroad-diagrams ; extra == 'diagrams'
  - jinja2 ; extra == 'diagrams'
  requires_python: '>=3.9'
- pypi: https://files.pythonhosted.org/packages/51/ff/f6e8b8f39e08547faece4bd80f89d5a8de68a38b2d179cc1c4490ffa3286/pytest-7.4.4-py3-none-any.whl
  name: pytest
  version: 7.4.4
  sha256: b090cdf5ed60bf4c45261be03239c2c1c22df034fbffe691abe93cd80cea01d8
  requires_dist:
  - iniconfig
  - packaging
  - pluggy>=0.12,<2.0
  - exceptiongroup>=1.0.0rc8 ; python_full_version < '3.11'
  - tomli>=1.0.0 ; python_full_version < '3.11'
  - importlib-metadata>=0.12 ; python_full_version < '3.8'
  - colorama ; sys_platform == 'win32'
  - argcomplete ; extra == 'testing'
  - attrs>=19.2.0 ; extra == 'testing'
  - hypothesis>=3.56 ; extra == 'testing'
  - mock ; extra == 'testing'
  - nose ; extra == 'testing'
  - pygments>=2.7.2 ; extra == 'testing'
  - requests ; extra == 'testing'
  - setuptools ; extra == 'testing'
  - xmlschema ; extra == 'testing'
  requires_python: '>=3.7'
- pypi: https://files.pythonhosted.org/packages/a7/4b/8b78d126e275efa2379b1c2e09dc52cf70df16fc3b90613ef82531499d73/pytest_cov-4.1.0-py3-none-any.whl
  name: pytest-cov
  version: 4.1.0
  sha256: 6ba70b9e97e69fcc3fb45bfeab2d0a138fb65c4d0d6a41ef33983ad114be8c3a
  requires_dist:
  - pytest>=4.6
  - coverage[toml]>=5.2.1
  - fields ; extra == 'testing'
  - hunter ; extra == 'testing'
  - process-tests ; extra == 'testing'
  - six ; extra == 'testing'
  - pytest-xdist ; extra == 'testing'
  - virtualenv ; extra == 'testing'
  requires_python: '>=3.7'
- conda: https://conda.anaconda.org/conda-forge/win-64/python-3.14.4-h4b44e0e_100_cp314.conda
  build_number: 100
  sha256: e258d626b0ba778abb319f128de4c1211306fe86fe0803166817b1ce2514c920
  md5: 40b6a8f438afb5e7b314cc5c4a43cd84
  depends:
  - bzip2 >=1.0.8,<2.0a0
  - libexpat >=2.7.5,<3.0a0
  - libffi >=3.5.2,<3.6.0a0
  - liblzma >=5.8.2,<6.0a0
  - libmpdec >=4.0.0,<5.0a0
  - libsqlite >=3.52.0,<4.0a0
  - libzlib >=1.3.2,<2.0a0
  - openssl >=3.5.6,<4.0a0
  - python_abi 3.14.* *_cp314
  - tk >=8.6.13,<8.7.0a0
  - tzdata
  - ucrt >=10.0.20348.0
  - vc >=14.3,<15
  - vc14_runtime >=14.44.35208
  - zstd >=1.5.7,<1.6.0a0
  license: Python-2.0
  purls: []
  size: 18055445
  timestamp: 1775615317758
  python_site_packages_path: Lib/site-packages
- pypi: https://files.pythonhosted.org/packages/ec/57/56b9bcc3c9c6a792fcbaf139543cee77261f3651ca9da0c93f5c1221264b/python_dateutil-2.9.0.post0-py2.py3-none-any.whl
  name: python-dateutil
  version: 2.9.0.post0
  sha256: a8b2bc7bffae282281c8140a97d3aa9c14da0b136dfe83f850eea9a5f7470427
  requires_dist:
  - six>=1.5
  requires_python: '>=2.7,!=3.0.*,!=3.1.*,!=3.2.*'
- pypi: https://files.pythonhosted.org/packages/0b/d7/1959b9648791274998a9c3526f6d0ec8fd2233e4d4acce81bbae76b44b2a/python_dotenv-1.2.2-py3-none-any.whl
  name: python-dotenv
  version: 1.2.2
  sha256: 1d8214789a24de455a8b8bd8ae6fe3c6b69a5e3d64aa8a8e5d68e694bbcb285a
  requires_dist:
  - click>=5.0 ; extra == 'cli'
  requires_python: '>=3.10'
- conda: https://conda.anaconda.org/conda-forge/noarch/python_abi-3.14-8_cp314.conda
  build_number: 8
  sha256: ad6d2e9ac39751cc0529dd1566a26751a0bf2542adb0c232533d32e176e21db5
  md5: 0539938c55b6b1a59b560e843ad864a4
  constrains:
  - python 3.14.* *_cp314
  license: BSD-3-Clause
  license_family: BSD
  purls: []
  size: 6989
  timestamp: 1752805904792
- pypi: https://files.pythonhosted.org/packages/d7/8e/7540e8a2036f79a125c1d2ebadf69ed7901608859186c856fa0388ef4197/requests-2.33.1-py3-none-any.whl
  name: requests
  version: 2.33.1
  sha256: 4e6d1ef462f3626a1f0a0a9c42dd93c63bad33f9f1c1937509b8c5c8718ab56a
  requires_dist:
  - charset-normalizer>=2,<4
  - idna>=2.5,<4
  - urllib3>=1.26,<3
  - certifi>=2023.5.7
  - pysocks>=1.5.6,!=1.5.7 ; extra == 'socks'
  - chardet>=3.0.2,<8 ; extra == 'use-chardet-on-py3'
  requires_python: '>=3.10'
- pypi: https://files.pythonhosted.org/packages/74/d4/135684f342e909330e50d31d441ace06bf83c7dc0777e11043f99167b123/shapely-2.1.2-cp314-cp314-win_amd64.whl
  name: shapely
  version: 2.1.2
  sha256: a444e7afccdb0999e203b976adb37ea633725333e5b119ad40b1ca291ecf311c
  requires_dist:
  - numpy>=1.21
  - pytest ; extra == 'test'
  - pytest-cov ; extra == 'test'
  - scipy-doctest ; extra == 'test'
  - numpydoc==1.1.* ; extra == 'docs'
  - matplotlib ; extra == 'docs'
  - sphinx ; extra == 'docs'
  - sphinx-book-theme ; extra == 'docs'
  - sphinx-remove-toctrees ; extra == 'docs'
  requires_python: '>=3.10'
- pypi: https://files.pythonhosted.org/packages/b7/ce/149a00dd41f10bc29e5921b496af8b574d8413afcd5e30dfa0ed46c2cc5e/six-1.17.0-py2.py3-none-any.whl
  name: six
  version: 1.17.0
  sha256: 4721f391ed90541fddacab5acf947aa0d3dc7d27b2e1e8eda2be8970586c3274
  requires_python: '>=2.7,!=3.0.*,!=3.1.*,!=3.2.*'
- pypi: https://files.pythonhosted.org/packages/0b/c9/584bc9651441b4ba60cc4d557d8a547b5aff901af35bda3a4ee30c819b82/starlette-1.0.0-py3-none-any.whl
  name: starlette
  version: 1.0.0
  sha256: d3ec55e0bb321692d275455ddfd3df75fff145d009685eb40dc91fc66b03d38b
  requires_dist:
  - anyio>=3.6.2,<5
  - typing-extensions>=4.10.0 ; python_full_version < '3.13'
  - httpx>=0.27.0,<0.29.0 ; extra == 'full'
  - itsdangerous ; extra == 'full'
  - jinja2 ; extra == 'full'
  - python-multipart>=0.0.18 ; extra == 'full'
  - pyyaml ; extra == 'full'
  requires_python: '>=3.10'
- pypi: https://files.pythonhosted.org/packages/b9/6e/f0ccc2a1435fda6431b2a9518bd08961d1019d2f725ef186564f7612aff8/teamcity_messages-1.33-py3-none-any.whl
  name: teamcity-messages
  version: '1.33'
  sha256: 74ab9cdf8f86acd42b15fae7f8eaf6c8d7b65f694c232ca209943c288fe5daad
- conda: https://conda.anaconda.org/conda-forge/win-64/tk-8.6.13-h6ed50ae_3.conda
  sha256: 0e79810fae28f3b69fe7391b0d43f5474d6bd91d451d5f2bde02f55ae481d5e3
  md5: 0481bfd9814bf525bd4b3ee4b51494c4
  depends:
  - ucrt >=10.0.20348.0
  - vc >=14.3,<15
  - vc14_runtime >=14.44.35208
  license: TCL
  license_family: BSD
  purls: []
  size: 3526350
  timestamp: 1769460339384
- pypi: https://files.pythonhosted.org/packages/18/67/36e9267722cc04a6b9f15c7f3441c2363321a3ea07da7ae0c0707beb2a9c/typing_extensions-4.15.0-py3-none-any.whl
  name: typing-extensions
  version: 4.15.0
  sha256: f0fa19c6845758ab08074a0cfa8b7aecb71c999ca73d62883bc25cc018c4e548
  requires_python: '>=3.9'
- pypi: https://files.pythonhosted.org/packages/dc/9b/47798a6c91d8bdb567fe2698fe81e0c6b7cb7ef4d13da4114b41d239f65d/typing_inspection-0.4.2-py3-none-any.whl
  name: typing-inspection
  version: 0.4.2
  sha256: 4ed1cacbdc298c220f1bd249ed5287caa16f34d44ef4e9c3d0cbad5b521545e7
  requires_dist:
  - typing-extensions>=4.12.0
  requires_python: '>=3.9'
- conda: https://conda.anaconda.org/conda-forge/noarch/tzdata-2025c-hc9c84f9_1.conda
  sha256: 1d30098909076af33a35017eed6f2953af1c769e273a0626a04722ac4acaba3c
  md5: ad659d0a2b3e47e38d829aa8cad2d610
  license: LicenseRef-Public-Domain
  purls: []
  size: 119135
  timestamp: 1767016325805
- conda: https://conda.anaconda.org/conda-forge/win-64/ucrt-10.0.26100.0-h57928b3_0.conda
  sha256: 3005729dce6f3d3f5ec91dfc49fc75a0095f9cd23bab49efb899657297ac91a5
  md5: 71b24316859acd00bdb8b38f5e2ce328
  constrains:
  - vc14_runtime >=14.29.30037
  - vs2015_runtime >=14.29.30037
  license: LicenseRef-MicrosoftWindowsSDK10
  purls: []
  size: 694692
  timestamp: 1756385147981
- pypi: https://files.pythonhosted.org/packages/39/08/aaaad47bc4e9dc8c725e68f9d04865dbcb2052843ff09c97b08904852d84/urllib3-2.6.3-py3-none-any.whl
  name: urllib3
  version: 2.6.3
  sha256: bf272323e553dfb2e87d9bfd225ca7b0f467b919d7bbd355436d3fd37cb0acd4
  requires_dist:
  - brotli>=1.2.0 ; platform_python_implementation == 'CPython' and extra == 'brotli'
  - brotlicffi>=1.2.0.0 ; platform_python_implementation != 'CPython' and extra == 'brotli'
  - h2>=4,<5 ; extra == 'h2'
  - pysocks>=1.5.6,!=1.5.7,<2.0 ; extra == 'socks'
  - backports-zstd>=1.0.0 ; python_full_version < '3.14' and extra == 'zstd'
  requires_python: '>=3.9'
- pypi: https://files.pythonhosted.org/packages/b7/23/a5bbd9600dd607411fa644c06ff4951bec3a4d82c4b852374024359c19c0/uvicorn-0.44.0-py3-none-any.whl
  name: uvicorn
  version: 0.44.0
  sha256: ce937c99a2cc70279556967274414c087888e8cec9f9c94644dfca11bd3ced89
  requires_dist:
  - click>=7.0
  - h11>=0.8
  - typing-extensions>=4.0 ; python_full_version < '3.11'
  - colorama>=0.4 ; sys_platform == 'win32' and extra == 'standard'
  - httptools>=0.6.3 ; extra == 'standard'
  - python-dotenv>=0.13 ; extra == 'standard'
  - pyyaml>=5.1 ; extra == 'standard'
  - uvloop>=0.15.1 ; platform_python_implementation != 'PyPy' and sys_platform != 'cygwin' and sys_platform != 'win32' and extra == 'standard'
  - watchfiles>=0.20 ; extra == 'standard'
  - websockets>=10.4 ; extra == 'standard'
  requires_python: '>=3.10'
- conda: https://conda.anaconda.org/conda-forge/win-64/vc-14.3-h41ae7f8_34.conda
  sha256: 9dc40c2610a6e6727d635c62cced5ef30b7b30123f5ef67d6139e23d21744b3a
  md5: 1e610f2416b6acdd231c5f573d754a0f
  depends:
  - vc14_runtime >=14.44.35208
  track_features:
  - vc14
  license: BSD-3-Clause
  license_family: BSD
  purls: []
  size: 19356
  timestamp: 1767320221521
- conda: https://conda.anaconda.org/conda-forge/win-64/vc14_runtime-14.44.35208-h818238b_34.conda
  sha256: 02732f953292cce179de9b633e74928037fa3741eb5ef91c3f8bae4f761d32a5
  md5: 37eb311485d2d8b2c419449582046a42
  depends:
  - ucrt >=10.0.20348.0
  - vcomp14 14.44.35208 h818238b_34
  constrains:
  - vs2015_runtime 14.44.35208.* *_34
  license: LicenseRef-MicrosoftVisualCpp2015-2022Runtime
  license_family: Proprietary
  purls: []
  size: 683233
  timestamp: 1767320219644
- conda: https://conda.anaconda.org/conda-forge/win-64/vcomp14-14.44.35208-h818238b_34.conda
  sha256: 878d5d10318b119bd98ed3ed874bd467acbe21996e1d81597a1dbf8030ea0ce6
  md5: 242d9f25d2ae60c76b38a5e42858e51d
  depends:
  - ucrt >=10.0.20348.0
  constrains:
  - vs2015_runtime 14.44.35208.* *_34
  license: LicenseRef-MicrosoftVisualCpp2015-2022Runtime
  license_family: Proprietary
  purls: []
  size: 115235
  timestamp: 1767320173250
- pypi: https://files.pythonhosted.org/packages/08/8a/0861bec20485572fbddf3dfba2910e38fe249796cb73ecdeb74e07eeb8d3/zipp-3.23.1-py3-none-any.whl
  name: zipp
  version: 3.23.1
  sha256: 0b3596c50a5c700c9cb40ba8d86d9f2cc4807e9bedb06bcdf7fac85633e444dc
  requires_dist:
  - pytest>=6,!=8.1.* ; extra == 'test'
  - jaraco-itertools ; extra == 'test'
  - jaraco-functools ; extra == 'test'
  - more-itertools ; extra == 'test'
  - big-o ; extra == 'test'
  - pytest-ignore-flaky ; extra == 'test'
  - jaraco-test ; extra == 'test'
  - sphinx>=3.5 ; extra == 'doc'
  - jaraco-packaging>=9.3 ; extra == 'doc'
  - rst-linker>=1.9 ; extra == 'doc'
  - furo ; extra == 'doc'
  - sphinx-lint ; extra == 'doc'
  - jaraco-tidelift>=1.4 ; extra == 'doc'
  - pytest-checkdocs>=2.4 ; extra == 'check'
  - pytest-ruff>=0.2.1 ; sys_platform != 'cygwin' and extra == 'check'
  - pytest-cov ; extra == 'cover'
  - pytest-enabler>=2.2 ; extra == 'enabler'
  - pytest-mypy ; extra == 'type'
  requires_python: '>=3.9'
- conda: https://conda.anaconda.org/conda-forge/win-64/zstd-1.5.7-h534d264_6.conda
  sha256: 368d8628424966fd8f9c8018326a9c779e06913dd39e646cf331226acc90e5b2
  md5: 053b84beec00b71ea8ff7a4f84b55207
  depends:
  - vc >=14.3,<15
  - vc14_runtime >=14.44.35208
  - ucrt >=10.0.20348.0
  - libzlib >=1.3.1,<2.0a0
  license: BSD-3-Clause
  license_family: BSD
  purls: []
  size: 388453
  timestamp: 1764777142545
